
Microsoft Visual Studio Solution File, Format Version 12.00
# Visual Studio Version 17
VisualStudioVersion = 17.10.34916.146
MinimumVisualStudioVersion = 10.0.40219.1
Project("{FAE04EC0-301F-11D3-BF4B-00C04F79EFBC}") = "DotNetTrainingBatch4.ConsoleApp", "DotNetTrainingBatch4.ConsoleApp\DotNetTrainingBatch4.ConsoleApp.csproj", "{C509FD29-765A-4FD1-8A53-8A343F551140}"
EndProject
Global
	GlobalSection(SolutionConfigurationPlatforms) = preSolution
		Debug|Any CPU = Debug|Any CPU
		Release|Any CPU = Release|Any CPU
	EndGlobalSection
	GlobalSection(ProjectConfigurationPlatforms) = postSolution
		{C509FD29-765A-4FD1-8A53-8A343F551140}.Debug|Any CPU.ActiveCfg = Debug|Any CPU
		{C509FD29-765A-4FD1-8A53-8A343F551140}.Debug|Any CPU.Build.0 = Debug|Any CPU
		{C509FD29-765A-4FD1-8A53-8A343F551140}.Release|Any CPU.ActiveCfg = Release|Any CPU
		{C509FD29-765A-4FD1-8A53-8A343F551140}.Release|Any CPU.Build.0 = Release|Any CPU
	EndGlobalSection
	GlobalSection(SolutionProperties) = preSolution
		HideSolutionNode = FALSE
	EndGlobalSection
	GlobalSection(ExtensibilityGlobals) = postSolution
		SolutionGuid = {0A13D51F-8978-4D52-A0CB-B276863C3C39}
	EndGlobalSection
EndGlobal
